
Microsoft Visual Studio Solution File, Format Version 12.00
# Visual Studio Version 17
VisualStudioVersion = 17.5.33530.505
MinimumVisualStudioVersion = 10.0.40219.1
Project("{FAE04EC0-301F-11D3-BF4B-00C04F79EFBC}") = "Variable_types", "Variable_types\Variable_types.csproj", "{D24556EF-DFCA-463A-B702-66198D4414AE}"
EndProject
Global
	GlobalSection(SolutionConfigurationPlatforms) = preSolution
		Debug|Any CPU = Debug|Any CPU
		Release|Any CPU = Release|Any CPU
	EndGlobalSection
	GlobalSection(ProjectConfigurationPlatforms) = postSolution
		{D24556EF-DFCA-463A-B702-66198D4414AE}.Debug|Any CPU.ActiveCfg = Debug|Any CPU
		{D24556EF-DFCA-463A-B702-66198D4414AE}.Debug|Any CPU.Build.0 = Debug|Any CPU
		{D24556EF-DFCA-463A-B702-66198D4414AE}.Release|Any CPU.ActiveCfg = Release|Any CPU
		{D24556EF-DFCA-463A-B702-66198D4414AE}.Release|Any CPU.Build.0 = Release|Any CPU
	EndGlobalSection
	GlobalSection(SolutionProperties) = preSolution
		HideSolutionNode = FALSE
	EndGlobalSection
	GlobalSection(ExtensibilityGlobals) = postSolution
		SolutionGuid = {F29DB6CB-8E9C-4D55-A392-0F51A229C1E9}
	EndGlobalSection
EndGlobal
