
Microsoft Visual Studio Solution File, Format Version 12.00
# Visual Studio Version 17
VisualStudioVersion = 17.5.33530.505
MinimumVisualStudioVersion = 10.0.40219.1
Project("{FAE04EC0-301F-11D3-BF4B-00C04F79EFBC}") = "Day3_Task3", "Day3_Task3\Day3_Task3.csproj", "{44AECB5A-549A-4A62-8647-2643ADEC8825}"
EndProject
Global
	GlobalSection(SolutionConfigurationPlatforms) = preSolution
		Debug|Any CPU = Debug|Any CPU
		Release|Any CPU = Release|Any CPU
	EndGlobalSection
	GlobalSection(ProjectConfigurationPlatforms) = postSolution
		{44AECB5A-549A-4A62-8647-2643ADEC8825}.Debug|Any CPU.ActiveCfg = Debug|Any CPU
		{44AECB5A-549A-4A62-8647-2643ADEC8825}.Debug|Any CPU.Build.0 = Debug|Any CPU
		{44AECB5A-549A-4A62-8647-2643ADEC8825}.Release|Any CPU.ActiveCfg = Release|Any CPU
		{44AECB5A-549A-4A62-8647-2643ADEC8825}.Release|Any CPU.Build.0 = Release|Any CPU
	EndGlobalSection
	GlobalSection(SolutionProperties) = preSolution
		HideSolutionNode = FALSE
	EndGlobalSection
	GlobalSection(ExtensibilityGlobals) = postSolution
		SolutionGuid = {866B452D-6A7F-4FF8-A514-5CF01B90B014}
	EndGlobalSection
EndGlobal
