
Microsoft Visual Studio Solution File, Format Version 12.00
# Visual Studio Version 17
VisualStudioVersion = 17.5.33530.505
MinimumVisualStudioVersion = 10.0.40219.1
Project("{FAE04EC0-301F-11D3-BF4B-00C04F79EFBC}") = "Day2_Task2", "Day2_Task2\Day2_Task2.csproj", "{77471D64-970B-46EC-928B-82C50B093E1C}"
EndProject
Global
	GlobalSection(SolutionConfigurationPlatforms) = preSolution
		Debug|Any CPU = Debug|Any CPU
		Release|Any CPU = Release|Any CPU
	EndGlobalSection
	GlobalSection(ProjectConfigurationPlatforms) = postSolution
		{77471D64-970B-46EC-928B-82C50B093E1C}.Debug|Any CPU.ActiveCfg = Debug|Any CPU
		{77471D64-970B-46EC-928B-82C50B093E1C}.Debug|Any CPU.Build.0 = Debug|Any CPU
		{77471D64-970B-46EC-928B-82C50B093E1C}.Release|Any CPU.ActiveCfg = Release|Any CPU
		{77471D64-970B-46EC-928B-82C50B093E1C}.Release|Any CPU.Build.0 = Release|Any CPU
	EndGlobalSection
	GlobalSection(SolutionProperties) = preSolution
		HideSolutionNode = FALSE
	EndGlobalSection
	GlobalSection(ExtensibilityGlobals) = postSolution
		SolutionGuid = {F817E4CE-09E2-4051-A0B4-819D3AF814BE}
	EndGlobalSection
EndGlobal
