
Microsoft Visual Studio Solution File, Format Version 12.00
# Visual Studio Version 17
VisualStudioVersion = 17.5.33530.505
MinimumVisualStudioVersion = 10.0.40219.1
Project("{FAE04EC0-301F-11D3-BF4B-00C04F79EFBC}") = "Day2_Task4", "Day2_Task4\Day2_Task4.csproj", "{DB9C1D7E-8E2D-4435-9348-6D984979E1C8}"
EndProject
Global
	GlobalSection(SolutionConfigurationPlatforms) = preSolution
		Debug|Any CPU = Debug|Any CPU
		Release|Any CPU = Release|Any CPU
	EndGlobalSection
	GlobalSection(ProjectConfigurationPlatforms) = postSolution
		{DB9C1D7E-8E2D-4435-9348-6D984979E1C8}.Debug|Any CPU.ActiveCfg = Debug|Any CPU
		{DB9C1D7E-8E2D-4435-9348-6D984979E1C8}.Debug|Any CPU.Build.0 = Debug|Any CPU
		{DB9C1D7E-8E2D-4435-9348-6D984979E1C8}.Release|Any CPU.ActiveCfg = Release|Any CPU
		{DB9C1D7E-8E2D-4435-9348-6D984979E1C8}.Release|Any CPU.Build.0 = Release|Any CPU
	EndGlobalSection
	GlobalSection(SolutionProperties) = preSolution
		HideSolutionNode = FALSE
	EndGlobalSection
	GlobalSection(ExtensibilityGlobals) = postSolution
		SolutionGuid = {76BB30E1-3956-43FF-A9A2-E4724A6FFC6B}
	EndGlobalSection
EndGlobal
